
Microsoft Visual Studio Solution File, Format Version 12.00
# Visual Studio Version 17
VisualStudioVersion = 17.6.33829.357
MinimumVisualStudioVersion = 10.0.40219.1
Project("{FAE04EC0-301F-11D3-BF4B-00C04F79EFBC}") = "DTI Generative AI Academic Yearly Report", "DTI Generative AI Academic Yearly Report.csproj", "{B143413E-E424-46D2-BBAA-6EDC045B79ED}"
EndProject
Global
	GlobalSection(SolutionConfigurationPlatforms) = preSolution
		Debug|Any CPU = Debug|Any CPU
		Release|Any CPU = Release|Any CPU
	EndGlobalSection
	GlobalSection(ProjectConfigurationPlatforms) = postSolution
		{B143413E-E424-46D2-BBAA-6EDC045B79ED}.Debug|Any CPU.ActiveCfg = Debug|Any CPU
		{B143413E-E424-46D2-BBAA-6EDC045B79ED}.Debug|Any CPU.Build.0 = Debug|Any CPU
		{B143413E-E424-46D2-BBAA-6EDC045B79ED}.Release|Any CPU.ActiveCfg = Release|Any CPU
		{B143413E-E424-46D2-BBAA-6EDC045B79ED}.Release|Any CPU.Build.0 = Release|Any CPU
	EndGlobalSection
	GlobalSection(SolutionProperties) = preSolution
		HideSolutionNode = FALSE
	EndGlobalSection
	GlobalSection(ExtensibilityGlobals) = postSolution
		SolutionGuid = {8C5EFA7E-65AE-4CBA-81AC-2A3EF3C15BA8}
	EndGlobalSection
EndGlobal
